
Microsoft Visual Studio Solution File, Format Version 12.00
# Visual Studio 15
VisualStudioVersion = 15.0.27703.2035
MinimumVisualStudioVersion = 10.0.40219.1
Project("{FAE04EC0-301F-11D3-BF4B-00C04F79EFBC}") = "BlockchainTest", "BlockchainTest\BlockchainTest.csproj", "{699CCB6B-13D9-4814-9C38-057779A33DD5}"
EndProject
Project("{FAE04EC0-301F-11D3-BF4B-00C04F79EFBC}") = "BlockChainCrypto", "BlockChainCrypto\BlockChainCrypto.csproj", "{E399B402-ED92-4CB4-9FB4-16B443DDED8B}"
EndProject
Project("{FAE04EC0-301F-11D3-BF4B-00C04F79EFBC}") = "BlockchainMultiTransactionTest", "BlockchainMultiTransactionTest\BlockchainMultiTransactionTest.csproj", "{D8164271-5D18-4E8F-8D25-90C904463C24}"
EndProject
Project("{FAE04EC0-301F-11D3-BF4B-00C04F79EFBC}") = "BlockchainTransactionPoolTest", "BlockchainTransactionPoolTest\BlockchainTransactionPoolTest.csproj", "{7577CF17-7F07-4340-9F04-335782A1FF0B}"
EndProject
Project("{FAE04EC0-301F-11D3-BF4B-00C04F79EFBC}") = "ProofOfWorkTest", "ProofOfWork\ProofOfWorkTest.csproj", "{24530C3E-B743-4134-9B99-8D9B31C238E3}"
EndProject
Global
	GlobalSection(SolutionConfigurationPlatforms) = preSolution
		Debug|Any CPU = Debug|Any CPU
		Release|Any CPU = Release|Any CPU
	EndGlobalSection
	GlobalSection(ProjectConfigurationPlatforms) = postSolution
		{699CCB6B-13D9-4814-9C38-057779A33DD5}.Debug|Any CPU.ActiveCfg = Debug|Any CPU
		{699CCB6B-13D9-4814-9C38-057779A33DD5}.Debug|Any CPU.Build.0 = Debug|Any CPU
		{699CCB6B-13D9-4814-9C38-057779A33DD5}.Release|Any CPU.ActiveCfg = Release|Any CPU
		{699CCB6B-13D9-4814-9C38-057779A33DD5}.Release|Any CPU.Build.0 = Release|Any CPU
		{E399B402-ED92-4CB4-9FB4-16B443DDED8B}.Debug|Any CPU.ActiveCfg = Debug|Any CPU
		{E399B402-ED92-4CB4-9FB4-16B443DDED8B}.Debug|Any CPU.Build.0 = Debug|Any CPU
		{E399B402-ED92-4CB4-9FB4-16B443DDED8B}.Release|Any CPU.ActiveCfg = Release|Any CPU
		{E399B402-ED92-4CB4-9FB4-16B443DDED8B}.Release|Any CPU.Build.0 = Release|Any CPU
		{D8164271-5D18-4E8F-8D25-90C904463C24}.Debug|Any CPU.ActiveCfg = Debug|Any CPU
		{D8164271-5D18-4E8F-8D25-90C904463C24}.Debug|Any CPU.Build.0 = Debug|Any CPU
		{D8164271-5D18-4E8F-8D25-90C904463C24}.Release|Any CPU.ActiveCfg = Release|Any CPU
		{D8164271-5D18-4E8F-8D25-90C904463C24}.Release|Any CPU.Build.0 = Release|Any CPU
		{7577CF17-7F07-4340-9F04-335782A1FF0B}.Debug|Any CPU.ActiveCfg = Debug|Any CPU
		{7577CF17-7F07-4340-9F04-335782A1FF0B}.Debug|Any CPU.Build.0 = Debug|Any CPU
		{7577CF17-7F07-4340-9F04-335782A1FF0B}.Release|Any CPU.ActiveCfg = Release|Any CPU
		{7577CF17-7F07-4340-9F04-335782A1FF0B}.Release|Any CPU.Build.0 = Release|Any CPU
		{24530C3E-B743-4134-9B99-8D9B31C238E3}.Debug|Any CPU.ActiveCfg = Debug|Any CPU
		{24530C3E-B743-4134-9B99-8D9B31C238E3}.Debug|Any CPU.Build.0 = Debug|Any CPU
		{24530C3E-B743-4134-9B99-8D9B31C238E3}.Release|Any CPU.ActiveCfg = Release|Any CPU
		{24530C3E-B743-4134-9B99-8D9B31C238E3}.Release|Any CPU.Build.0 = Release|Any CPU
	EndGlobalSection
	GlobalSection(SolutionProperties) = preSolution
		HideSolutionNode = FALSE
	EndGlobalSection
	GlobalSection(ExtensibilityGlobals) = postSolution
		SolutionGuid = {47FD9CA2-B70B-4F2E-B161-021F2F11463C}
	EndGlobalSection
EndGlobal
